
Microsoft Visual Studio Solution File, Format Version 12.00
# Visual Studio Version 17
VisualStudioVersion = 17.6.33829.357
MinimumVisualStudioVersion = 10.0.40219.1
Project("{FAE04EC0-301F-11D3-BF4B-00C04F79EFBC}") = "EventNotifierApp", "EventNotifierApp\EventNotifierApp.csproj", "{3C1F009B-206E-48A3-B136-5205FE953706}"
EndProject
Project("{FAE04EC0-301F-11D3-BF4B-00C04F79EFBC}") = "SendSMTPLibrary", "SendSMTPLibrary\SendSMTPLibrary.csproj", "{FB2E2379-ABCB-4804-971D-2520C6EDED8D}"
EndProject
Project("{FAE04EC0-301F-11D3-BF4B-00C04F79EFBC}") = "DataAccessLibrary", "DataAccessLibrary\DataAccessLibrary.csproj", "{FECA64F8-EB4C-42B5-9136-EFB7BD1B168A}"
EndProject
Global
	GlobalSection(SolutionConfigurationPlatforms) = preSolution
		Debug|Any CPU = Debug|Any CPU
		Release|Any CPU = Release|Any CPU
	EndGlobalSection
	GlobalSection(ProjectConfigurationPlatforms) = postSolution
		{3C1F009B-206E-48A3-B136-5205FE953706}.Debug|Any CPU.ActiveCfg = Debug|Any CPU
		{3C1F009B-206E-48A3-B136-5205FE953706}.Debug|Any CPU.Build.0 = Debug|Any CPU
		{3C1F009B-206E-48A3-B136-5205FE953706}.Release|Any CPU.ActiveCfg = Release|Any CPU
		{3C1F009B-206E-48A3-B136-5205FE953706}.Release|Any CPU.Build.0 = Release|Any CPU
		{FB2E2379-ABCB-4804-971D-2520C6EDED8D}.Debug|Any CPU.ActiveCfg = Debug|Any CPU
		{FB2E2379-ABCB-4804-971D-2520C6EDED8D}.Debug|Any CPU.Build.0 = Debug|Any CPU
		{FB2E2379-ABCB-4804-971D-2520C6EDED8D}.Release|Any CPU.ActiveCfg = Release|Any CPU
		{FB2E2379-ABCB-4804-971D-2520C6EDED8D}.Release|Any CPU.Build.0 = Release|Any CPU
		{FECA64F8-EB4C-42B5-9136-EFB7BD1B168A}.Debug|Any CPU.ActiveCfg = Debug|Any CPU
		{FECA64F8-EB4C-42B5-9136-EFB7BD1B168A}.Release|Any CPU.ActiveCfg = Release|Any CPU
		{FECA64F8-EB4C-42B5-9136-EFB7BD1B168A}.Release|Any CPU.Build.0 = Release|Any CPU
	EndGlobalSection
	GlobalSection(SolutionProperties) = preSolution
		HideSolutionNode = FALSE
	EndGlobalSection
	GlobalSection(ExtensibilityGlobals) = postSolution
		SolutionGuid = {AB4F257A-0AB9-44A1-8285-7D3830F7CA88}
	EndGlobalSection
EndGlobal
